
Microsoft Visual Studio Solution File, Format Version 12.00
# Visual Studio 15
Project("{FAE04EC0-301F-11D3-BF4B-00C04F79EFBC}") = "Assembly-CSharp-firstpass", "Assembly-CSharp-firstpass.csproj", "{A607791D-657C-EE90-5B34-FC50D16A50F0}"
EndProject
Project("{FAE04EC0-301F-11D3-BF4B-00C04F79EFBC}") = "Assembly-CSharp", "Assembly-CSharp.csproj", "{66D2213D-B9D4-A158-6A7D-DBFDE12383FB}"
EndProject
Project("{FAE04EC0-301F-11D3-BF4B-00C04F79EFBC}") = "Assembly-CSharp-Editor-firstpass", "Assembly-CSharp-Editor-firstpass.csproj", "{B80D55E0-3F26-4DE4-B0CE-399BBDEF2772}"
EndProject
Global
	GlobalSection(SolutionConfigurationPlatforms) = preSolution
		Debug|Any CPU = Debug|Any CPU
		Release|Any CPU = Release|Any CPU
	EndGlobalSection
	GlobalSection(ProjectConfigurationPlatforms) = postSolution
		{A607791D-657C-EE90-5B34-FC50D16A50F0}.Debug|Any CPU.ActiveCfg = Debug|Any CPU
		{A607791D-657C-EE90-5B34-FC50D16A50F0}.Debug|Any CPU.Build.0 = Debug|Any CPU
		{A607791D-657C-EE90-5B34-FC50D16A50F0}.Release|Any CPU.ActiveCfg = Release|Any CPU
		{A607791D-657C-EE90-5B34-FC50D16A50F0}.Release|Any CPU.Build.0 = Release|Any CPU
		{66D2213D-B9D4-A158-6A7D-DBFDE12383FB}.Debug|Any CPU.ActiveCfg = Debug|Any CPU
		{66D2213D-B9D4-A158-6A7D-DBFDE12383FB}.Debug|Any CPU.Build.0 = Debug|Any CPU
		{66D2213D-B9D4-A158-6A7D-DBFDE12383FB}.Release|Any CPU.ActiveCfg = Release|Any CPU
		{66D2213D-B9D4-A158-6A7D-DBFDE12383FB}.Release|Any CPU.Build.0 = Release|Any CPU
		{B80D55E0-3F26-4DE4-B0CE-399BBDEF2772}.Debug|Any CPU.ActiveCfg = Debug|Any CPU
		{B80D55E0-3F26-4DE4-B0CE-399BBDEF2772}.Debug|Any CPU.Build.0 = Debug|Any CPU
		{B80D55E0-3F26-4DE4-B0CE-399BBDEF2772}.Release|Any CPU.ActiveCfg = Release|Any CPU
		{B80D55E0-3F26-4DE4-B0CE-399BBDEF2772}.Release|Any CPU.Build.0 = Release|Any CPU
	EndGlobalSection
	GlobalSection(SolutionProperties) = preSolution
		HideSolutionNode = FALSE
	EndGlobalSection
EndGlobal
